
Microsoft Visual Studio Solution File, Format Version 12.00
# Visual Studio Version 17
VisualStudioVersion = 17.3.32825.248
MinimumVisualStudioVersion = 10.0.40219.1
Project("{FAE04EC0-301F-11D3-BF4B-00C04F79EFBC}") = "ConsoleApp29", "ConsoleApp29\ConsoleApp29.csproj", "{074EEFEA-C0D9-485C-844D-A0BB91408E2F}"
EndProject
Global
	GlobalSection(SolutionConfigurationPlatforms) = preSolution
		Debug|Any CPU = Debug|Any CPU
		Release|Any CPU = Release|Any CPU
	EndGlobalSection
	GlobalSection(ProjectConfigurationPlatforms) = postSolution
		{074EEFEA-C0D9-485C-844D-A0BB91408E2F}.Debug|Any CPU.ActiveCfg = Debug|Any CPU
		{074EEFEA-C0D9-485C-844D-A0BB91408E2F}.Debug|Any CPU.Build.0 = Debug|Any CPU
		{074EEFEA-C0D9-485C-844D-A0BB91408E2F}.Release|Any CPU.ActiveCfg = Release|Any CPU
		{074EEFEA-C0D9-485C-844D-A0BB91408E2F}.Release|Any CPU.Build.0 = Release|Any CPU
	EndGlobalSection
	GlobalSection(SolutionProperties) = preSolution
		HideSolutionNode = FALSE
	EndGlobalSection
	GlobalSection(ExtensibilityGlobals) = postSolution
		SolutionGuid = {2651AB84-31A3-451C-9820-4B91DF02D7E5}
	EndGlobalSection
EndGlobal
