
Microsoft Visual Studio Solution File, Format Version 12.00
# Visual Studio Version 17
VisualStudioVersion = 17.3.32825.248
MinimumVisualStudioVersion = 10.0.40219.1
Project("{FAE04EC0-301F-11D3-BF4B-00C04F79EFBC}") = "ConsoleApp65", "ConsoleApp65\ConsoleApp65.csproj", "{29F063A7-BCC7-4818-A649-3F1FE9C915F4}"
EndProject
Global
	GlobalSection(SolutionConfigurationPlatforms) = preSolution
		Debug|Any CPU = Debug|Any CPU
		Release|Any CPU = Release|Any CPU
	EndGlobalSection
	GlobalSection(ProjectConfigurationPlatforms) = postSolution
		{29F063A7-BCC7-4818-A649-3F1FE9C915F4}.Debug|Any CPU.ActiveCfg = Debug|Any CPU
		{29F063A7-BCC7-4818-A649-3F1FE9C915F4}.Debug|Any CPU.Build.0 = Debug|Any CPU
		{29F063A7-BCC7-4818-A649-3F1FE9C915F4}.Release|Any CPU.ActiveCfg = Release|Any CPU
		{29F063A7-BCC7-4818-A649-3F1FE9C915F4}.Release|Any CPU.Build.0 = Release|Any CPU
	EndGlobalSection
	GlobalSection(SolutionProperties) = preSolution
		HideSolutionNode = FALSE
	EndGlobalSection
	GlobalSection(ExtensibilityGlobals) = postSolution
		SolutionGuid = {8723E27C-8127-4569-9380-9D0BB8AFDAC9}
	EndGlobalSection
EndGlobal
